
Microsoft Visual Studio Solution File, Format Version 12.00
# Visual Studio Version 17
VisualStudioVersion = 17.6.33829.357
MinimumVisualStudioVersion = 10.0.40219.1
Project("{FAE04EC0-301F-11D3-BF4B-00C04F79EFBC}") = "Store99", "WebApplication1\Store99.csproj", "{7D197727-B41C-4525-A3F0-418617DB42EC}"
EndProject
Global
	GlobalSection(SolutionConfigurationPlatforms) = preSolution
		Debug|Any CPU = Debug|Any CPU
		Release|Any CPU = Release|Any CPU
	EndGlobalSection
	GlobalSection(ProjectConfigurationPlatforms) = postSolution
		{7D197727-B41C-4525-A3F0-418617DB42EC}.Debug|Any CPU.ActiveCfg = Debug|Any CPU
		{7D197727-B41C-4525-A3F0-418617DB42EC}.Debug|Any CPU.Build.0 = Debug|Any CPU
		{7D197727-B41C-4525-A3F0-418617DB42EC}.Release|Any CPU.ActiveCfg = Release|Any CPU
		{7D197727-B41C-4525-A3F0-418617DB42EC}.Release|Any CPU.Build.0 = Release|Any CPU
	EndGlobalSection
	GlobalSection(SolutionProperties) = preSolution
		HideSolutionNode = FALSE
	EndGlobalSection
	GlobalSection(ExtensibilityGlobals) = postSolution
		SolutionGuid = {6491021E-30E4-4A00-B670-B22B4BAF741D}
	EndGlobalSection
EndGlobal
